
Microsoft Visual Studio Solution File, Format Version 12.00
# Visual Studio Version 17
VisualStudioVersion = 17.7.34024.191
MinimumVisualStudioVersion = 10.0.40219.1
Project("{8BC9CEB8-8B4A-11D0-8D11-00A0C91BC942}") = "ALL_BUILD", "ALL_BUILD.vcxproj", "{F93F0D55-2A51-32B4-93C5-1A3C8A153E77}"
	ProjectSection(ProjectDependencies) = postProject
		{34CF6517-807C-312C-9D6E-37EEF52030A4} = {34CF6517-807C-312C-9D6E-37EEF52030A4}
	EndProjectSection
EndProject
Project("{8BC9CEB8-8B4A-11D0-8D11-00A0C91BC942}") = "Simulation", "Simulation.vcxproj", "{D4603811-021D-353E-BFEF-485C8B529AB7}"
	ProjectSection(ProjectDependencies) = postProject
		{34CF6517-807C-312C-9D6E-37EEF52030A4} = {34CF6517-807C-312C-9D6E-37EEF52030A4}
	EndProjectSection
EndProject
Project("{8BC9CEB8-8B4A-11D0-8D11-00A0C91BC942}") = "ZERO_CHECK", "ZERO_CHECK.vcxproj", "{34CF6517-807C-312C-9D6E-37EEF52030A4}"
EndProject
Global
	GlobalSection(SolutionConfigurationPlatforms) = preSolution
		Debug|x64 = Debug|x64
		MinSizeRel|x64 = MinSizeRel|x64
		Release|x64 = Release|x64
		RelWithDebInfo|x64 = RelWithDebInfo|x64
	EndGlobalSection
	GlobalSection(ProjectConfigurationPlatforms) = postSolution
		{F93F0D55-2A51-32B4-93C5-1A3C8A153E77}.Debug|x64.ActiveCfg = Debug|x64
		{F93F0D55-2A51-32B4-93C5-1A3C8A153E77}.MinSizeRel|x64.ActiveCfg = MinSizeRel|x64
		{F93F0D55-2A51-32B4-93C5-1A3C8A153E77}.Release|x64.ActiveCfg = Release|x64
		{F93F0D55-2A51-32B4-93C5-1A3C8A153E77}.RelWithDebInfo|x64.ActiveCfg = RelWithDebInfo|x64
		{D4603811-021D-353E-BFEF-485C8B529AB7}.Debug|x64.ActiveCfg = Debug|x64
		{D4603811-021D-353E-BFEF-485C8B529AB7}.MinSizeRel|x64.ActiveCfg = MinSizeRel|x64
		{D4603811-021D-353E-BFEF-485C8B529AB7}.Release|x64.ActiveCfg = Release|x64
		{D4603811-021D-353E-BFEF-485C8B529AB7}.RelWithDebInfo|x64.ActiveCfg = RelWithDebInfo|x64
		{34CF6517-807C-312C-9D6E-37EEF52030A4}.Debug|x64.ActiveCfg = Debug|x64
		{34CF6517-807C-312C-9D6E-37EEF52030A4}.Debug|x64.Build.0 = Debug|x64
		{34CF6517-807C-312C-9D6E-37EEF52030A4}.MinSizeRel|x64.ActiveCfg = MinSizeRel|x64
		{34CF6517-807C-312C-9D6E-37EEF52030A4}.MinSizeRel|x64.Build.0 = MinSizeRel|x64
		{34CF6517-807C-312C-9D6E-37EEF52030A4}.Release|x64.ActiveCfg = Release|x64
		{34CF6517-807C-312C-9D6E-37EEF52030A4}.Release|x64.Build.0 = Release|x64
		{34CF6517-807C-312C-9D6E-37EEF52030A4}.RelWithDebInfo|x64.ActiveCfg = RelWithDebInfo|x64
		{34CF6517-807C-312C-9D6E-37EEF52030A4}.RelWithDebInfo|x64.Build.0 = RelWithDebInfo|x64
	EndGlobalSection
	GlobalSection(SolutionProperties) = preSolution
		HideSolutionNode = FALSE
	EndGlobalSection
	GlobalSection(ExtensibilityGlobals) = postSolution
		SolutionGuid = {65EF3582-13FD-339B-B327-17908788D23A}
	EndGlobalSection
EndGlobal
